
Microsoft Visual Studio Solution File, Format Version 12.00
# Visual Studio Version 17
VisualStudioVersion = 17.11.35222.181
MinimumVisualStudioVersion = 10.0.40219.1
Project("{FAE04EC0-301F-11D3-BF4B-00C04F79EFBC}") = "BoneLabScaling", "BoneLabScaling.csproj", "{228F60C1-E7F0-443A-9E66-ED67E47EF32B}"
EndProject
Global
	GlobalSection(SolutionConfigurationPlatforms) = preSolution
		Debug|Any CPU = Debug|Any CPU
		Release|Any CPU = Release|Any CPU
	EndGlobalSection
	GlobalSection(ProjectConfigurationPlatforms) = postSolution
		{228F60C1-E7F0-443A-9E66-ED67E47EF32B}.Debug|Any CPU.ActiveCfg = Debug|Any CPU
		{228F60C1-E7F0-443A-9E66-ED67E47EF32B}.Debug|Any CPU.Build.0 = Debug|Any CPU
		{228F60C1-E7F0-443A-9E66-ED67E47EF32B}.Release|Any CPU.ActiveCfg = Release|Any CPU
		{228F60C1-E7F0-443A-9E66-ED67E47EF32B}.Release|Any CPU.Build.0 = Release|Any CPU
	EndGlobalSection
	GlobalSection(SolutionProperties) = preSolution
		HideSolutionNode = FALSE
	EndGlobalSection
	GlobalSection(ExtensibilityGlobals) = postSolution
		SolutionGuid = {2D0B9919-8040-4405-B5DB-F380B468B4DA}
	EndGlobalSection
EndGlobal
